
Microsoft Visual Studio Solution File, Format Version 12.00
# Visual Studio Version 16
VisualStudioVersion = 16.0.30225.117
MinimumVisualStudioVersion = 10.0.40219.1
Project("{FAE04EC0-301F-11D3-BF4B-00C04F79EFBC}") = "windows_launcher", "windows_launcher.csproj", "{4ACAE597-8243-4D7C-A007-E0BF9BA211F7}"
EndProject
Global
	GlobalSection(SolutionConfigurationPlatforms) = preSolution
		Debug|Any CPU = Debug|Any CPU
		Release|Any CPU = Release|Any CPU
	EndGlobalSection
	GlobalSection(ProjectConfigurationPlatforms) = postSolution
		{4ACAE597-8243-4D7C-A007-E0BF9BA211F7}.Debug|Any CPU.ActiveCfg = Debug|Any CPU
		{4ACAE597-8243-4D7C-A007-E0BF9BA211F7}.Debug|Any CPU.Build.0 = Debug|Any CPU
		{4ACAE597-8243-4D7C-A007-E0BF9BA211F7}.Release|Any CPU.ActiveCfg = Release|Any CPU
		{4ACAE597-8243-4D7C-A007-E0BF9BA211F7}.Release|Any CPU.Build.0 = Release|Any CPU
	EndGlobalSection
	GlobalSection(SolutionProperties) = preSolution
		HideSolutionNode = FALSE
	EndGlobalSection
	GlobalSection(ExtensibilityGlobals) = postSolution
		SolutionGuid = {3FC287C7-CE86-4480-8729-31CEB89EBCB5}
	EndGlobalSection
EndGlobal
